
Microsoft Visual Studio Solution File, Format Version 12.00
# Visual Studio Version 17
VisualStudioVersion = 17.0.32112.339
MinimumVisualStudioVersion = 10.0.40219.1
Project("{9A19103F-16F7-4668-BE54-9A1E7A4F7556}") = "Procedimientos", "Procedimientos\Procedimientos.csproj", "{F6B607AA-2438-4184-A2F5-ED9EB0D4F4E1}"
EndProject
Project("{9A19103F-16F7-4668-BE54-9A1E7A4F7556}") = "EjercicioDos", "EjercicioDos\EjercicioDos.csproj", "{4156A477-C802-4E8C-8EE7-74A7D15AE354}"
EndProject
Project("{9A19103F-16F7-4668-BE54-9A1E7A4F7556}") = "EjercicioTres", "EjercicioTres\EjercicioTres.csproj", "{2E5C3B01-553D-403B-B383-9B02D363B762}"
EndProject
Project("{9A19103F-16F7-4668-BE54-9A1E7A4F7556}") = "Funciones", "Funciones\Funciones.csproj", "{38E6A7D4-42C0-4083-B9A3-96DBCBE0674C}"
EndProject
Project("{9A19103F-16F7-4668-BE54-9A1E7A4F7556}") = "ejercicioCuatro", "ejercicioCuatro\ejercicioCuatro.csproj", "{78A2ECB8-8EC4-4DAA-A006-089F86983367}"
EndProject
Project("{9A19103F-16F7-4668-BE54-9A1E7A4F7556}") = "ejercicioCinco", "ejercicioCinco\ejercicioCinco.csproj", "{CC53D120-CD2D-43F2-95DD-20B8FB009469}"
EndProject
Project("{9A19103F-16F7-4668-BE54-9A1E7A4F7556}") = "EjercicioSeis", "EjercicioSeis\EjercicioSeis.csproj", "{59C05829-2689-491A-A8C8-B387EBDE5433}"
EndProject
Project("{9A19103F-16F7-4668-BE54-9A1E7A4F7556}") = "ejercicioSiete", "ejercicioSiete\ejercicioSiete.csproj", "{574FBC22-81B1-4F87-96D9-3A1D5134F8DC}"
EndProject
Project("{9A19103F-16F7-4668-BE54-9A1E7A4F7556}") = "ejercicioOcho", "ejercicioOcho\ejercicioOcho.csproj", "{02D84E79-B169-43CE-969A-2585B48157DC}"
EndProject
Project("{9A19103F-16F7-4668-BE54-9A1E7A4F7556}") = "EjercicioNueve", "EjercicioNueve\EjercicioNueve.csproj", "{117C2210-A0EC-4E69-B8C2-2788C9625666}"
EndProject
Project("{9A19103F-16F7-4668-BE54-9A1E7A4F7556}") = "EjercicioFunciones", "EjercicioFunciones\EjercicioFunciones.csproj", "{EFA94062-5D38-4F5A-A63E-61D9F864A2F9}"
EndProject
Project("{FAE04EC0-301F-11D3-BF4B-00C04F79EFBC}") = "EjercicioOnce", "EjercicioOnce\EjercicioOnce.csproj", "{CD8A2E0C-003A-4E1E-A408-CAF75FF2A017}"
EndProject
Global
	GlobalSection(SolutionConfigurationPlatforms) = preSolution
		Debug|Any CPU = Debug|Any CPU
		Release|Any CPU = Release|Any CPU
	EndGlobalSection
	GlobalSection(ProjectConfigurationPlatforms) = postSolution
		{F6B607AA-2438-4184-A2F5-ED9EB0D4F4E1}.Debug|Any CPU.ActiveCfg = Debug|Any CPU
		{F6B607AA-2438-4184-A2F5-ED9EB0D4F4E1}.Debug|Any CPU.Build.0 = Debug|Any CPU
		{F6B607AA-2438-4184-A2F5-ED9EB0D4F4E1}.Release|Any CPU.ActiveCfg = Release|Any CPU
		{F6B607AA-2438-4184-A2F5-ED9EB0D4F4E1}.Release|Any CPU.Build.0 = Release|Any CPU
		{4156A477-C802-4E8C-8EE7-74A7D15AE354}.Debug|Any CPU.ActiveCfg = Debug|Any CPU
		{4156A477-C802-4E8C-8EE7-74A7D15AE354}.Debug|Any CPU.Build.0 = Debug|Any CPU
		{4156A477-C802-4E8C-8EE7-74A7D15AE354}.Release|Any CPU.ActiveCfg = Release|Any CPU
		{4156A477-C802-4E8C-8EE7-74A7D15AE354}.Release|Any CPU.Build.0 = Release|Any CPU
		{2E5C3B01-553D-403B-B383-9B02D363B762}.Debug|Any CPU.ActiveCfg = Debug|Any CPU
		{2E5C3B01-553D-403B-B383-9B02D363B762}.Debug|Any CPU.Build.0 = Debug|Any CPU
		{2E5C3B01-553D-403B-B383-9B02D363B762}.Release|Any CPU.ActiveCfg = Release|Any CPU
		{2E5C3B01-553D-403B-B383-9B02D363B762}.Release|Any CPU.Build.0 = Release|Any CPU
		{38E6A7D4-42C0-4083-B9A3-96DBCBE0674C}.Debug|Any CPU.ActiveCfg = Debug|Any CPU
		{38E6A7D4-42C0-4083-B9A3-96DBCBE0674C}.Debug|Any CPU.Build.0 = Debug|Any CPU
		{38E6A7D4-42C0-4083-B9A3-96DBCBE0674C}.Release|Any CPU.ActiveCfg = Release|Any CPU
		{38E6A7D4-42C0-4083-B9A3-96DBCBE0674C}.Release|Any CPU.Build.0 = Release|Any CPU
		{78A2ECB8-8EC4-4DAA-A006-089F86983367}.Debug|Any CPU.ActiveCfg = Debug|Any CPU
		{78A2ECB8-8EC4-4DAA-A006-089F86983367}.Debug|Any CPU.Build.0 = Debug|Any CPU
		{78A2ECB8-8EC4-4DAA-A006-089F86983367}.Release|Any CPU.ActiveCfg = Release|Any CPU
		{78A2ECB8-8EC4-4DAA-A006-089F86983367}.Release|Any CPU.Build.0 = Release|Any CPU
		{CC53D120-CD2D-43F2-95DD-20B8FB009469}.Debug|Any CPU.ActiveCfg = Debug|Any CPU
		{CC53D120-CD2D-43F2-95DD-20B8FB009469}.Debug|Any CPU.Build.0 = Debug|Any CPU
		{CC53D120-CD2D-43F2-95DD-20B8FB009469}.Release|Any CPU.ActiveCfg = Release|Any CPU
		{CC53D120-CD2D-43F2-95DD-20B8FB009469}.Release|Any CPU.Build.0 = Release|Any CPU
		{59C05829-2689-491A-A8C8-B387EBDE5433}.Debug|Any CPU.ActiveCfg = Debug|Any CPU
		{59C05829-2689-491A-A8C8-B387EBDE5433}.Debug|Any CPU.Build.0 = Debug|Any CPU
		{59C05829-2689-491A-A8C8-B387EBDE5433}.Release|Any CPU.ActiveCfg = Release|Any CPU
		{59C05829-2689-491A-A8C8-B387EBDE5433}.Release|Any CPU.Build.0 = Release|Any CPU
		{574FBC22-81B1-4F87-96D9-3A1D5134F8DC}.Debug|Any CPU.ActiveCfg = Debug|Any CPU
		{574FBC22-81B1-4F87-96D9-3A1D5134F8DC}.Debug|Any CPU.Build.0 = Debug|Any CPU
		{574FBC22-81B1-4F87-96D9-3A1D5134F8DC}.Release|Any CPU.ActiveCfg = Release|Any CPU
		{574FBC22-81B1-4F87-96D9-3A1D5134F8DC}.Release|Any CPU.Build.0 = Release|Any CPU
		{02D84E79-B169-43CE-969A-2585B48157DC}.Debug|Any CPU.ActiveCfg = Debug|Any CPU
		{02D84E79-B169-43CE-969A-2585B48157DC}.Debug|Any CPU.Build.0 = Debug|Any CPU
		{02D84E79-B169-43CE-969A-2585B48157DC}.Release|Any CPU.ActiveCfg = Release|Any CPU
		{02D84E79-B169-43CE-969A-2585B48157DC}.Release|Any CPU.Build.0 = Release|Any CPU
		{117C2210-A0EC-4E69-B8C2-2788C9625666}.Debug|Any CPU.ActiveCfg = Debug|Any CPU
		{117C2210-A0EC-4E69-B8C2-2788C9625666}.Debug|Any CPU.Build.0 = Debug|Any CPU
		{117C2210-A0EC-4E69-B8C2-2788C9625666}.Release|Any CPU.ActiveCfg = Release|Any CPU
		{117C2210-A0EC-4E69-B8C2-2788C9625666}.Release|Any CPU.Build.0 = Release|Any CPU
		{EFA94062-5D38-4F5A-A63E-61D9F864A2F9}.Debug|Any CPU.ActiveCfg = Debug|Any CPU
		{EFA94062-5D38-4F5A-A63E-61D9F864A2F9}.Debug|Any CPU.Build.0 = Debug|Any CPU
		{EFA94062-5D38-4F5A-A63E-61D9F864A2F9}.Release|Any CPU.ActiveCfg = Release|Any CPU
		{EFA94062-5D38-4F5A-A63E-61D9F864A2F9}.Release|Any CPU.Build.0 = Release|Any CPU
		{CD8A2E0C-003A-4E1E-A408-CAF75FF2A017}.Debug|Any CPU.ActiveCfg = Debug|Any CPU
		{CD8A2E0C-003A-4E1E-A408-CAF75FF2A017}.Debug|Any CPU.Build.0 = Debug|Any CPU
		{CD8A2E0C-003A-4E1E-A408-CAF75FF2A017}.Release|Any CPU.ActiveCfg = Release|Any CPU
		{CD8A2E0C-003A-4E1E-A408-CAF75FF2A017}.Release|Any CPU.Build.0 = Release|Any CPU
	EndGlobalSection
	GlobalSection(SolutionProperties) = preSolution
		HideSolutionNode = FALSE
	EndGlobalSection
	GlobalSection(ExtensibilityGlobals) = postSolution
		SolutionGuid = {E1453BC2-CE12-4EBE-B491-849FAB8FBEF0}
	EndGlobalSection
EndGlobal
